
Microsoft Visual Studio Solution File, Format Version 12.00
# Visual Studio Version 16
VisualStudioVersion = 16.6.30114.105
MinimumVisualStudioVersion = 10.0.40219.1
Project("{2150E333-8FDC-42A3-9474-1A3956D46DE8}") = "src", "src", "{B7BB0246-2148-48A9-AA07-66070701CC4C}"
EndProject
Project("{FAE04EC0-301F-11D3-BF4B-00C04F79EFBC}") = "CommandAPI", "src\CommandAPI\CommandAPI.csproj", "{AACFE88D-8F25-4062-AA6F-5271CE9E59FE}"
EndProject
Project("{2150E333-8FDC-42A3-9474-1A3956D46DE8}") = "test", "test", "{356185AC-CFBE-4AB3-B12F-BE6696D27441}"
EndProject
Project("{FAE04EC0-301F-11D3-BF4B-00C04F79EFBC}") = "CommandAPI.Tests", "test\CommandAPI.Tests\CommandAPI.Tests.csproj", "{0EB987D5-330E-4812-B960-73C4FADE3C3C}"
EndProject
Global
	GlobalSection(SolutionConfigurationPlatforms) = preSolution
		Debug|Any CPU = Debug|Any CPU
		Debug|x64 = Debug|x64
		Debug|x86 = Debug|x86
		Release|Any CPU = Release|Any CPU
		Release|x64 = Release|x64
		Release|x86 = Release|x86
	EndGlobalSection
	GlobalSection(SolutionProperties) = preSolution
		HideSolutionNode = FALSE
	EndGlobalSection
	GlobalSection(ProjectConfigurationPlatforms) = postSolution
		{AACFE88D-8F25-4062-AA6F-5271CE9E59FE}.Debug|Any CPU.ActiveCfg = Debug|Any CPU
		{AACFE88D-8F25-4062-AA6F-5271CE9E59FE}.Debug|Any CPU.Build.0 = Debug|Any CPU
		{AACFE88D-8F25-4062-AA6F-5271CE9E59FE}.Debug|x64.ActiveCfg = Debug|Any CPU
		{AACFE88D-8F25-4062-AA6F-5271CE9E59FE}.Debug|x64.Build.0 = Debug|Any CPU
		{AACFE88D-8F25-4062-AA6F-5271CE9E59FE}.Debug|x86.ActiveCfg = Debug|Any CPU
		{AACFE88D-8F25-4062-AA6F-5271CE9E59FE}.Debug|x86.Build.0 = Debug|Any CPU
		{AACFE88D-8F25-4062-AA6F-5271CE9E59FE}.Release|Any CPU.ActiveCfg = Release|Any CPU
		{AACFE88D-8F25-4062-AA6F-5271CE9E59FE}.Release|Any CPU.Build.0 = Release|Any CPU
		{AACFE88D-8F25-4062-AA6F-5271CE9E59FE}.Release|x64.ActiveCfg = Release|Any CPU
		{AACFE88D-8F25-4062-AA6F-5271CE9E59FE}.Release|x64.Build.0 = Release|Any CPU
		{AACFE88D-8F25-4062-AA6F-5271CE9E59FE}.Release|x86.ActiveCfg = Release|Any CPU
		{AACFE88D-8F25-4062-AA6F-5271CE9E59FE}.Release|x86.Build.0 = Release|Any CPU
		{0EB987D5-330E-4812-B960-73C4FADE3C3C}.Debug|Any CPU.ActiveCfg = Debug|Any CPU
		{0EB987D5-330E-4812-B960-73C4FADE3C3C}.Debug|Any CPU.Build.0 = Debug|Any CPU
		{0EB987D5-330E-4812-B960-73C4FADE3C3C}.Debug|x64.ActiveCfg = Debug|Any CPU
		{0EB987D5-330E-4812-B960-73C4FADE3C3C}.Debug|x64.Build.0 = Debug|Any CPU
		{0EB987D5-330E-4812-B960-73C4FADE3C3C}.Debug|x86.ActiveCfg = Debug|Any CPU
		{0EB987D5-330E-4812-B960-73C4FADE3C3C}.Debug|x86.Build.0 = Debug|Any CPU
		{0EB987D5-330E-4812-B960-73C4FADE3C3C}.Release|Any CPU.ActiveCfg = Release|Any CPU
		{0EB987D5-330E-4812-B960-73C4FADE3C3C}.Release|Any CPU.Build.0 = Release|Any CPU
		{0EB987D5-330E-4812-B960-73C4FADE3C3C}.Release|x64.ActiveCfg = Release|Any CPU
		{0EB987D5-330E-4812-B960-73C4FADE3C3C}.Release|x64.Build.0 = Release|Any CPU
		{0EB987D5-330E-4812-B960-73C4FADE3C3C}.Release|x86.ActiveCfg = Release|Any CPU
		{0EB987D5-330E-4812-B960-73C4FADE3C3C}.Release|x86.Build.0 = Release|Any CPU
	EndGlobalSection
	GlobalSection(NestedProjects) = preSolution
		{AACFE88D-8F25-4062-AA6F-5271CE9E59FE} = {B7BB0246-2148-48A9-AA07-66070701CC4C}
		{0EB987D5-330E-4812-B960-73C4FADE3C3C} = {356185AC-CFBE-4AB3-B12F-BE6696D27441}
	EndGlobalSection
EndGlobal
